GIT
  remote: https://github.com/html2rss/html2rss-configs
  revision: 71981aff28d88e4553c206d78bf54d5633bcdd19
  specs:
    html2rss-configs (0.2.0)
      html2rss

GEM
  remote: https://rubygems.org/
  specs:
    actionpack (8.1.3)
      actionview (= 8.1.3)
      activesupport (= 8.1.3)
      nokogiri (>= 1.8.5)
      rack (>= 2.2.4)
      rack-session (>= 1.0.1)
      rack-test (>= 0.6.3)
      rails-dom-testing (~> 2.2)
      rails-html-sanitizer (~> 1.6)
      useragent (~> 0.16)
    actionview (8.1.3)
      activesupport (= 8.1.3)
      builder (~> 3.1)
      erubi (~> 1.11)
      rails-dom-testing (~> 2.2)
      rails-html-sanitizer (~> 1.6)
    activesupport (8.1.3)
      base64
      bigdecimal
      concurrent-ruby (~> 1.0, >= 1.3.1)
      connection_pool (>= 2.2.5)
      drb
      i18n (>= 1.6, < 2)
      json
      logger (>= 1.4.2)
      minitest (>= 5.1)
      securerandom (>= 0.3)
      tzinfo (~> 2.0, >= 2.0.5)
      uri (>= 0.13.1)
    addressable (2.8.9)
      public_suffix (>= 2.0.2, < 8.0)
    ast (2.4.3)
    async (2.38.1)
      console (~> 1.29)
      fiber-annotation
      io-event (~> 1.11)
      metrics (~> 0.12)
      traces (~> 0.18)
    async-http (0.94.2)
      async (>= 2.10.2)
      async-pool (~> 0.11)
      io-endpoint (~> 0.14)
      io-stream (~> 0.6)
      metrics (~> 0.12)
      protocol-http (~> 0.58)
      protocol-http1 (~> 0.36)
      protocol-http2 (~> 0.22)
      protocol-url (~> 0.2)
      traces (~> 0.10)
    async-pool (0.11.2)
      async (>= 2.0)
    async-websocket (0.30.0)
      async-http (~> 0.76)
      protocol-http (~> 0.34)
      protocol-rack (~> 0.7)
      protocol-websocket (~> 0.17)
    base64 (0.3.0)
    bigdecimal (4.1.0)
    brotli (0.8.0)
    builder (3.3.0)
    byebug (13.0.0)
      reline (>= 0.6.0)
    climate_control (1.2.0)
    concurrent-ruby (1.3.6)
    connection_pool (3.0.2)
    console (1.34.3)
      fiber-annotation
      fiber-local (~> 1.1)
      json
    crack (1.0.1)
      bigdecimal
      rexml
    crass (1.0.6)
    date (3.5.1)
    diff-lcs (1.6.2)
    docile (1.4.1)
    drb (2.2.3)
    dry-configurable (1.3.0)
      dry-core (~> 1.1)
      zeitwerk (~> 2.6)
    dry-core (1.2.0)
      concurrent-ruby (~> 1.0)
      logger
      zeitwerk (~> 2.6)
    dry-inflector (1.3.1)
    dry-initializer (3.2.0)
    dry-logic (1.6.0)
      bigdecimal
      concurrent-ruby (~> 1.0)
      dry-core (~> 1.1)
      zeitwerk (~> 2.6)
    dry-schema (1.16.0)
      concurrent-ruby (~> 1.0)
      dry-configurable (~> 1.0, >= 1.0.1)
      dry-core (~> 1.1)
      dry-initializer (~> 3.2)
      dry-logic (~> 1.6)
      dry-types (~> 1.9, >= 1.9.1)
      zeitwerk (~> 2.6)
    dry-types (1.9.1)
      bigdecimal (>= 3.0)
      concurrent-ruby (~> 1.0)
      dry-core (~> 1.0)
      dry-inflector (~> 1.0)
      dry-logic (~> 1.4)
      zeitwerk (~> 2.6)
    dry-validation (1.11.1)
      concurrent-ruby (~> 1.0)
      dry-core (~> 1.1)
      dry-initializer (~> 3.2)
      dry-schema (~> 1.14)
      zeitwerk (~> 2.6)
    erb (6.0.2)
    erubi (1.13.1)
    faraday (2.14.1)
      faraday-net_http (>= 2.0, < 3.5)
      json
      logger
    faraday-follow_redirects (0.5.0)
      faraday (>= 1, < 3)
    faraday-gzip (3.1.0)
      faraday (>= 2.0, < 3)
      zlib (~> 3.0)
    faraday-net_http (3.4.2)
      net-http (~> 0.5)
    fiber-annotation (0.2.0)
    fiber-local (1.1.0)
      fiber-storage
    fiber-storage (1.0.1)
    hashdiff (1.2.1)
    html2rss (0.18.0)
      addressable (~> 2.7)
      brotli
      dry-validation
      faraday (> 2.0.1, < 3.0)
      faraday-follow_redirects
      faraday-gzip (~> 3)
      kramdown
      mime-types (> 3.0)
      nokogiri (>= 1.10, < 2.0)
      parallel
      puppeteer-ruby
      regexp_parser
      reverse_markdown (~> 3.0)
      rss
      sanitize
      thor
      tzinfo
      zeitwerk
    i18n (1.14.8)
      concurrent-ruby (~> 1.0)
    io-console (0.8.2)
    io-endpoint (0.17.2)
    io-event (1.14.5)
    io-stream (0.11.1)
    irb (1.17.0)
      pp (>= 0.6.0)
      prism (>= 1.3.0)
      rdoc (>= 4.0.0)
      reline (>= 0.4.2)
    json (2.19.3)
    kramdown (2.5.2)
      rexml (>= 3.4.4)
    language_server-protocol (3.17.0.5)
    lint_roller (1.1.0)
    logger (1.7.0)
    loofah (2.25.1)
      crass (~> 1.0.2)
      nokogiri (>= 1.12.0)
    metrics (0.15.0)
    mime-types (3.7.0)
      logger
      mime-types-data (~> 3.2025, >= 3.2025.0507)
    mime-types-data (3.2026.0317)
    minitest (6.0.2)
      drb (~> 2.0)
      prism (~> 1.5)
    net-http (0.9.1)
      uri (>= 0.11.1)
    nio4r (2.7.5)
    nokogiri (1.19.2-aarch64-linux-gnu)
      racc (~> 1.4)
    nokogiri (1.19.2-aarch64-linux-musl)
      racc (~> 1.4)
    nokogiri (1.19.2-arm-linux-gnu)
      racc (~> 1.4)
    nokogiri (1.19.2-arm-linux-musl)
      racc (~> 1.4)
    nokogiri (1.19.2-arm64-darwin)
      racc (~> 1.4)
    nokogiri (1.19.2-x86_64-darwin)
      racc (~> 1.4)
    nokogiri (1.19.2-x86_64-linux-gnu)
      racc (~> 1.4)
    nokogiri (1.19.2-x86_64-linux-musl)
      racc (~> 1.4)
    parallel (1.28.0)
    parser (3.3.11.1)
      ast (~> 2.4.1)
      racc
    pp (0.6.3)
      prettyprint
    prettyprint (0.2.0)
    prism (1.9.0)
    protocol-hpack (1.5.1)
    protocol-http (0.60.0)
    protocol-http1 (0.37.0)
      protocol-http (~> 0.58)
    protocol-http2 (0.24.0)
      protocol-hpack (~> 1.4)
      protocol-http (~> 0.47)
    protocol-rack (0.22.0)
      io-stream (>= 0.10)
      protocol-http (~> 0.58)
      rack (>= 1.0)
    protocol-url (0.4.0)
    protocol-websocket (0.20.2)
      protocol-http (~> 0.2)
    psych (5.3.1)
      date
      stringio
    public_suffix (7.0.5)
    puma (7.2.0)
      nio4r (~> 2.0)
    puppeteer-ruby (0.51.0)
      async (>= 2.35.1, < 3.0)
      async-http (>= 0.60, < 1.0)
      async-websocket (>= 0.27, < 1.0)
      base64
      mime-types (>= 3.0)
    racc (1.8.1)
    rack (3.2.5)
    rack-cache (1.17.0)
      rack (>= 0.4)
    rack-session (2.1.1)
      base64 (>= 0.1.0)
      rack (>= 3.0.0)
    rack-test (2.2.0)
      rack (>= 1.3)
    rack-timeout (0.7.0)
    rails-dom-testing (2.3.0)
      activesupport (>= 5.0.0)
      minitest
      nokogiri (>= 1.6)
    rails-html-sanitizer (1.7.0)
      loofah (~> 2.25)
      nokogiri (>= 1.15.7, != 1.16.7, != 1.16.6, != 1.16.5, != 1.16.4, != 1.16.3, != 1.16.2, != 1.16.1, != 1.16.0.rc1, != 1.16.0)
    rainbow (3.1.1)
    rake (13.3.1)
    rbs (4.0.2)
      logger
      prism (>= 1.6.0)
      tsort
    rdoc (7.2.0)
      erb
      psych (>= 4.0.0)
      tsort
    regexp_parser (2.11.3)
    reline (0.6.3)
      io-console (~> 0.5)
    reverse_markdown (3.0.2)
      nokogiri
    rexml (3.4.4)
    roda (3.102.0)
      rack
    rspec (3.13.2)
      rspec-core (~> 3.13.0)
      rspec-expectations (~> 3.13.0)
      rspec-mocks (~> 3.13.0)
    rspec-core (3.13.6)
      rspec-support (~> 3.13.0)
    rspec-expectations (3.13.5)
      diff-lcs (>= 1.2.0, < 2.0)
      rspec-support (~> 3.13.0)
    rspec-mocks (3.13.8)
      diff-lcs (>= 1.2.0, < 2.0)
      rspec-support (~> 3.13.0)
    rspec-openapi (0.25.0)
      actionpack (>= 5.2.0)
      rails-dom-testing
      rspec-core
    rspec-support (3.13.7)
    rss (0.3.2)
      rexml
    rubocop (1.86.0)
      json (~> 2.3)
      language_server-protocol (~> 3.17.0.2)
      lint_roller (~> 1.1.0)
      parallel (~> 1.10)
      parser (>= 3.3.0.2)
      rainbow (>= 2.2.2, < 4.0)
      regexp_parser (>= 2.9.3, < 3.0)
      rubocop-ast (>= 1.49.0, < 2.0)
      ruby-progressbar (~> 1.7)
      unicode-display_width (>= 2.4.0, < 4.0)
    rubocop-ast (1.49.1)
      parser (>= 3.3.7.2)
      prism (~> 1.7)
    rubocop-performance (1.26.1)
      lint_roller (~> 1.1)
      rubocop (>= 1.75.0, < 2.0)
      rubocop-ast (>= 1.47.1, < 2.0)
    rubocop-rake (0.7.1)
      lint_roller (~> 1.1)
      rubocop (>= 1.72.1)
    rubocop-rspec (3.9.0)
      lint_roller (~> 1.1)
      rubocop (~> 1.81)
    rubocop-thread_safety (0.7.3)
      lint_roller (~> 1.1)
      rubocop (~> 1.72, >= 1.72.1)
      rubocop-ast (>= 1.44.0, < 2.0)
    ruby-lsp (0.26.9)
      language_server-protocol (~> 3.17.0)
      prism (>= 1.2, < 2.0)
      rbs (>= 3, < 5)
    ruby-progressbar (1.13.0)
    sanitize (7.0.0)
      crass (~> 1.0.2)
      nokogiri (>= 1.16.8)
    securerandom (0.4.1)
    sentry-ruby (6.5.0)
      bigdecimal
      concurrent-ruby (~> 1.0, >= 1.0.2)
      logger
    simplecov (0.22.0)
      docile (~> 1.1)
      simplecov-html (~> 0.11)
      simplecov_json_formatter (~> 0.1)
    simplecov-html (0.13.2)
    simplecov_json_formatter (0.1.4)
    ssrf_filter (1.4.0)
    stackprof (0.2.28)
    stringio (3.2.0)
    thor (1.5.0)
    traces (0.18.2)
    tsort (0.2.0)
    tzinfo (2.0.6)
      concurrent-ruby (~> 1.0)
    unicode-display_width (3.2.0)
      unicode-emoji (~> 4.1)
    unicode-emoji (4.2.0)
    uri (1.1.1)
    useragent (0.16.11)
    vcr (6.4.0)
    webmock (3.26.2)
      addressable (>= 2.8.0)
      crack (>= 0.3.2)
      hashdiff (>= 0.4.0, < 2.0.0)
    yard (0.9.38)
    zeitwerk (2.7.5)
    zlib (3.2.3)

PLATFORMS
  aarch64-linux-gnu
  aarch64-linux-musl
  arm-linux-gnu
  arm-linux-musl
  arm64-darwin
  x86_64-darwin
  x86_64-linux-gnu
  x86_64-linux-musl

DEPENDENCIES
  byebug
  climate_control
  html2rss (~> 0.18)
  html2rss-configs!
  irb
  parallel
  puma
  rack-cache
  rack-test
  rack-timeout
  rake
  roda
  rspec
  rspec-openapi
  rubocop
  rubocop-performance
  rubocop-rake
  rubocop-rspec
  rubocop-thread_safety
  ruby-lsp
  sentry-ruby
  simplecov
  ssrf_filter
  stackprof
  vcr
  webmock
  yard
  zeitwerk

CHECKSUMS
  actionpack (8.1.3) sha256=af998cae4d47c5d581a2cc363b5c77eb718b7c4b45748d81b1887b25621c29a3
  actionview (8.1.3) sha256=1347c88c7f3edb38100c5ce0e9fb5e62d7755f3edc1b61cce2eb0b2c6ea2fd5d
  activesupport (8.1.3) sha256=21a5e0dfbd4c3ddd9e1317ec6a4d782fa226e7867dc70b0743acda81a1dca20e
  addressable (2.8.9) sha256=cc154fcbe689711808a43601dee7b980238ce54368d23e127421753e46895485
  ast (2.4.3) sha256=954615157c1d6a382bc27d690d973195e79db7f55e9765ac7c481c60bdb4d383
  async (2.38.1) sha256=72ba6b7de04d852355458bfe891221226bb7d29f055f5cb043ae3345497f8cec
  async-http (0.94.2) sha256=c5ca94b337976578904a373833abe5b8dfb466a2946af75c4ae38c409c5c78b2
  async-pool (0.11.2) sha256=0a43a17b02b04d9c451b7d12fafa9a50e55dc6dd00d4369aca00433f16a7e3ed
  async-websocket (0.30.0) sha256=55739954528ad8f87f7792d0452e1268d1ef2aa5b3719f79400a05a1a6202cdf
  base64 (0.3.0) sha256=27337aeabad6ffae05c265c450490628ef3ebd4b67be58257393227588f5a97b
  bigdecimal (4.1.0) sha256=6dc07767aa3dc456ccd48e7ae70a07b474e9afd7c5bc576f80bd6da5c8dd6cae
  brotli (0.8.0) sha256=0c5a42046b3b603fb109656881147fd76064c034b7d19c1b4fcc32a093a4d55d
  builder (3.3.0) sha256=497918d2f9dca528fdca4b88d84e4ef4387256d984b8154e9d5d3fe5a9c8835f
  byebug (13.0.0) sha256=d2263efe751941ca520fa29744b71972d39cbc41839496706f5d9b22e92ae05d
  climate_control (1.2.0) sha256=36b21896193fa8c8536fa1cd843a07cf8ddbd03aaba43665e26c53ec1bd70aa5
  concurrent-ruby (1.3.6) sha256=6b56837e1e7e5292f9864f34b69c5a2cbc75c0cf5338f1ce9903d10fa762d5ab
  connection_pool (3.0.2) sha256=33fff5ba71a12d2aa26cb72b1db8bba2a1a01823559fb01d29eb74c286e62e0a
  console (1.34.3) sha256=869fbd74697efc4c606f102d2812b0b008e4e7fd738a91c591e8577140ec0dcc
  crack (1.0.1) sha256=ff4a10390cd31d66440b7524eb1841874db86201d5b70032028553130b6d4c7e
  crass (1.0.6) sha256=dc516022a56e7b3b156099abc81b6d2b08ea1ed12676ac7a5657617f012bd45d
  date (3.5.1) sha256=750d06384d7b9c15d562c76291407d89e368dda4d4fff957eb94962d325a0dc0
  diff-lcs (1.6.2) sha256=9ae0d2cba7d4df3075fe8cd8602a8604993efc0dfa934cff568969efb1909962
  docile (1.4.1) sha256=96159be799bfa73cdb721b840e9802126e4e03dfc26863db73647204c727f21e
  drb (2.2.3) sha256=0b00d6fdb50995fe4a45dea13663493c841112e4068656854646f418fda13373
  dry-configurable (1.3.0) sha256=882d862858567fc1210d2549d4c090f34370fc1bb7c5c1933de3fe792e18afa8
  dry-core (1.2.0) sha256=0cc5a7da88df397f153947eeeae42e876e999c1e30900f3c536fb173854e96a1
  dry-inflector (1.3.1) sha256=7fb0c2bb04f67638f25c52e7ba39ab435d922a3a5c3cd196120f63accb682dcc
  dry-initializer (3.2.0) sha256=37d59798f912dc0a1efe14a4db4a9306989007b302dcd5f25d0a2a20c166c4e3
  dry-logic (1.6.0) sha256=da6fedbc0f90fc41f9b0cc7e6f05f5d529d1efaef6c8dcc8e0733f685745cea2
  dry-schema (1.16.0) sha256=cd3aaeabc0f1af66ec82a29096d4c4fb92a0a58b9dae29a22b1bbceb78985727
  dry-types (1.9.1) sha256=baebeecdb9f8395d6c9d227b62011279440943e3ef2468fe8ccc1ba11467f178
  dry-validation (1.11.1) sha256=70900bb5a2d911c8aab566d3e360c6bff389b8bf92ea8e04885ce51c41ff8085
  erb (6.0.2) sha256=9fe6264d44f79422c87490a1558479bd0e7dad4dd0e317656e67ea3077b5242b
  erubi (1.13.1) sha256=a082103b0885dbc5ecf1172fede897f9ebdb745a4b97a5e8dc63953db1ee4ad9
  faraday (2.14.1) sha256=a43cceedc1e39d188f4d2cdd360a8aaa6a11da0c407052e426ba8d3fb42ef61c
  faraday-follow_redirects (0.5.0) sha256=5cde93c894b30943a5d2b93c2fe9284216a6b756f7af406a1e55f211d97d10ad
  faraday-gzip (3.1.0) sha256=320783690be169f9b7ddde11598b77156951343753f66a9ab98b1f6694433ff8
  faraday-net_http (3.4.2) sha256=f147758260d3526939bf57ecf911682f94926a3666502e24c69992765875906c
  fiber-annotation (0.2.0) sha256=7abfadf1d119f508867d4103bf231c0354d019cc39a5738945dec2edadaf6c03
  fiber-local (1.1.0) sha256=c885f94f210fb9b05737de65d511136ea602e00c5105953748aa0f8793489f06
  fiber-storage (1.0.1) sha256=f48e5b6d8b0be96dac486332b55cee82240057065dc761c1ea692b2e719240e1
  hashdiff (1.2.1) sha256=9c079dbc513dfc8833ab59c0c2d8f230fa28499cc5efb4b8dd276cf931457cd1
  html2rss (0.18.0) sha256=83e9dd0388d65f1992df4afc9d345cbfd84e8c740be3756815b5e840ac71cf54
  html2rss-configs (0.2.0)
  i18n (1.14.8) sha256=285778639134865c5e0f6269e0b818256017e8cde89993fdfcbfb64d088824a5
  io-console (0.8.2) sha256=d6e3ae7a7cc7574f4b8893b4fca2162e57a825b223a177b7afa236c5ef9814cc
  io-endpoint (0.17.2) sha256=3feaf766c116b35839c11fac68b6aaadc47887bb488902a57bf8e1d288fb3338
  io-event (1.14.5) sha256=68ac367032a3873416dc2e0b67332dfaf2e23b65b58e6465d301c7e5cd9163b1
  io-stream (0.11.1) sha256=fa5f551fcff99581c1757b9d1cee2c37b124f07d2ca4f40b756a05ab9bd21b87
  irb (1.17.0) sha256=168c4ddb93d8a361a045c41d92b2952c7a118fa73f23fe14e55609eb7a863aae
  json (2.19.3) sha256=289b0bb53052a1fa8c34ab33cc750b659ba14a5c45f3fcf4b18762dc67c78646
  kramdown (2.5.2) sha256=1ba542204c66b6f9111ff00dcc26075b95b220b07f2905d8261740c82f7f02fa
  language_server-protocol (3.17.0.5) sha256=fd1e39a51a28bf3eec959379985a72e296e9f9acfce46f6a79d31ca8760803cc
  lint_roller (1.1.0) sha256=2c0c845b632a7d172cb849cc90c1bce937a28c5c8ccccb50dfd46a485003cc87
  logger (1.7.0) sha256=196edec7cc44b66cfb40f9755ce11b392f21f7967696af15d274dde7edff0203
  loofah (2.25.1) sha256=d436c73dbd0c1147b16c4a41db097942d217303e1f7728704b37e4df9f6d2e04
  metrics (0.15.0) sha256=61ded5bac95118e995b1bc9ed4a5f19bc9814928a312a85b200abbdac9039072
  mime-types (3.7.0) sha256=dcebf61c246f08e15a4de34e386ebe8233791e868564a470c3fe77c00eed5e56
  mime-types-data (3.2026.0317) sha256=77f078a4d8631d52b842ba77099734b06eddb7ad339d792e746d2272b67e511b
  minitest (6.0.2) sha256=db6e57956f6ecc6134683b4c87467d6dd792323c7f0eea7b93f66bd284adbc3d
  net-http (0.9.1) sha256=25ba0b67c63e89df626ed8fac771d0ad24ad151a858af2cc8e6a716ca4336996
  nio4r (2.7.5) sha256=6c90168e48fb5f8e768419c93abb94ba2b892a1d0602cb06eef16d8b7df1dca1
  nokogiri (1.19.2-aarch64-linux-gnu) sha256=c34d5c8208025587554608e98fd88ab125b29c80f9352b821964e9a5d5cfbd19
  nokogiri (1.19.2-aarch64-linux-musl) sha256=7f6b4b0202d507326841a4f790294bf75098aef50c7173443812e3ac5cb06515
  nokogiri (1.19.2-arm-linux-gnu) sha256=b7fa1139016f3dc850bda1260988f0d749934a939d04ef2da13bec060d7d5081
  nokogiri (1.19.2-arm-linux-musl) sha256=61114d44f6742ff72194a1b3020967201e2eb982814778d130f6471c11f9828c
  nokogiri (1.19.2-arm64-darwin) sha256=58d8ea2e31a967b843b70487a44c14c8ba1866daa1b9da9be9dbdf1b43dee205
  nokogiri (1.19.2-x86_64-darwin) sha256=7d9af11fda72dfaa2961d8c4d5380ca0b51bc389dc5f8d4b859b9644f195e7a4
  nokogiri (1.19.2-x86_64-linux-gnu) sha256=fa8feca882b73e871a9845f3817a72e9734c8e974bdc4fbad6e4bc6e8076b94f
  nokogiri (1.19.2-x86_64-linux-musl) sha256=93128448e61a9383a30baef041bf1f5817e22f297a1d400521e90294445069a8
  parallel (1.28.0) sha256=33e6de1484baf2524792d178b0913fc8eb94c628d6cfe45599ad4458c638c970
  parser (3.3.11.1) sha256=d17ace7aabe3e72c3cc94043714be27cc6f852f104d81aa284c2281aecc65d54
  pp (0.6.3) sha256=2951d514450b93ccfeb1df7d021cae0da16e0a7f95ee1e2273719669d0ab9df6
  prettyprint (0.2.0) sha256=2bc9e15581a94742064a3cc8b0fb9d45aae3d03a1baa6ef80922627a0766f193
  prism (1.9.0) sha256=7b530c6a9f92c24300014919c9dcbc055bf4cdf51ec30aed099b06cd6674ef85
  protocol-hpack (1.5.1) sha256=6feca238b8078da1cd295677d6f306c6001af92d75fe0643d33e6956cbc3ad91
  protocol-http (0.60.0) sha256=ca1354947676d663b6f23c49654aee464288774e7867c4a6e406fecce9691cec
  protocol-http1 (0.37.0) sha256=5bdd739e28792b341134596f6f5ab21a9d4b395f67bae69e153743eb0e69d123
  protocol-http2 (0.24.0) sha256=65327a019b7e36d2774e94050bf57a43bb60212775d2fcf02ae1d2ed4f01ef28
  protocol-rack (0.22.0) sha256=b7c49c0b597ca2c6d20f8bcd746c4415a1b750eacfbe64f828e780c978a4293d
  protocol-url (0.4.0) sha256=64d4c03b6b51ad815ac6fdaf77a1d91e5baf9220d26becb846c5459dacdea9e1
  protocol-websocket (0.20.2) sha256=c41d93c35fba5dae85375c597f76975f3dbd75d8c5b2f21b33dab4dc22a5a511
  psych (5.3.1) sha256=eb7a57cef10c9d70173ff74e739d843ac3b2c019a003de48447b2963d81b1974
  public_suffix (7.0.5) sha256=1a8bb08f1bbea19228d3bed6e5ed908d1cb4f7c2726d18bd9cadf60bc676f623
  puma (7.2.0) sha256=bf8ef4ab514a4e6d4554cb4326b2004eba5036ae05cf765cfe51aba9706a72a8
  puppeteer-ruby (0.51.0) sha256=8a7637963f8cd5b88416dd8c669a3ec2fe40a42cda2449539d75525a4da2f233
  racc (1.8.1) sha256=4a7f6929691dbec8b5209a0b373bc2614882b55fc5d2e447a21aaa691303d62f
  rack (3.2.5) sha256=4cbd0974c0b79f7a139b4812004a62e4c60b145cba76422e288ee670601ed6d3
  rack-cache (1.17.0) sha256=49592f3ef2173b0f5524df98bb801fb411e839869e7ce84ac428dc492bf0eb90
  rack-session (2.1.1) sha256=0b6dc07dea7e4b583f58a48e8b806d4c9f1c6c9214ebc202ec94562cbea2e4e9
  rack-test (2.2.0) sha256=005a36692c306ac0b4a9350355ee080fd09ddef1148a5f8b2ac636c720f5c463
  rack-timeout (0.7.0) sha256=757337e9793cca999bb73a61fe2a7d4280aa9eefbaf787ce3b98d860749c87d9
  rails-dom-testing (2.3.0) sha256=8acc7953a7b911ca44588bf08737bc16719f431a1cc3091a292bca7317925c1d
  rails-html-sanitizer (1.7.0) sha256=28b145cceaf9cc214a9874feaa183c3acba036c9592b19886e0e45efc62b1e89
  rainbow (3.1.1) sha256=039491aa3a89f42efa1d6dec2fc4e62ede96eb6acd95e52f1ad581182b79bc6a
  rake (13.3.1) sha256=8c9e89d09f66a26a01264e7e3480ec0607f0c497a861ef16063604b1b08eb19c
  rbs (4.0.2) sha256=af75671e66cd03434cc546622741ebf83f6197ec4328375805306330bf78ef25
  rdoc (7.2.0) sha256=8650f76cd4009c3b54955eb5d7e3a075c60a57276766ebf36f9085e8c9f23192
  regexp_parser (2.11.3) sha256=ca13f381a173b7a93450e53459075c9b76a10433caadcb2f1180f2c741fc55a4
  reline (0.6.3) sha256=1198b04973565b36ec0f11542ab3f5cfeeec34823f4e54cebde90968092b1835
  reverse_markdown (3.0.2) sha256=818ebb92ce39dbb1a291690dd1ec9a6d62530d4725296b17e9c8f668f9a5b8af
  rexml (3.4.4) sha256=19e0a2c3425dfbf2d4fc1189747bdb2f849b6c5e74180401b15734bc97b5d142
  roda (3.102.0) sha256=b2156fff6d2b1b52bfac39e4ccde0d820a26594f069c3d9e99cc0853f7ee7dcc
  rspec (3.13.2) sha256=206284a08ad798e61f86d7ca3e376718d52c0bc944626b2349266f239f820587
  rspec-core (3.13.6) sha256=a8823c6411667b60a8bca135364351dda34cd55e44ff94c4be4633b37d828b2d
  rspec-expectations (3.13.5) sha256=33a4d3a1d95060aea4c94e9f237030a8f9eae5615e9bd85718fe3a09e4b58836
  rspec-mocks (3.13.8) sha256=086ad3d3d17533f4237643de0b5c42f04b66348c28bf6b9c2d3f4a3b01af1d47
  rspec-openapi (0.25.0) sha256=76e055d3ee421a2a0c5d45986ae958f045f149def995b55ee9d2c68318f38305
  rspec-support (3.13.7) sha256=0640e5570872aafefd79867901deeeeb40b0c9875a36b983d85f54fb7381c47c
  rss (0.3.2) sha256=3bd0446d32d832cda00ba07f4b179401f903b52ea1fdaac0f1f08de61a501efa
  rubocop (1.86.0) sha256=4ff1186fe16ebe9baff5e7aad66bb0ad4cabf5cdcd419f773146dbba2565d186
  rubocop-ast (1.49.1) sha256=4412f3ee70f6fe4546cc489548e0f6fcf76cafcfa80fa03af67098ffed755035
  rubocop-performance (1.26.1) sha256=cd19b936ff196df85829d264b522fd4f98b6c89ad271fa52744a8c11b8f71834
  rubocop-rake (0.7.1) sha256=3797f2b6810c3e9df7376c26d5f44f3475eda59eb1adc38e6f62ecf027cbae4d
  rubocop-rspec (3.9.0) sha256=8fa70a3619408237d789aeecfb9beef40576acc855173e60939d63332fdb55e2
  rubocop-thread_safety (0.7.3) sha256=067cdd52fbf5deffc18995437e45b5194236eaff4f71de3375a1f6052e48f431
  ruby-lsp (0.26.9) sha256=33a01c001c00a76b4e821efc04ed7572983430f31ca5d6f3e343d0b6ccab4129
  ruby-progressbar (1.13.0) sha256=80fc9c47a9b640d6834e0dc7b3c94c9df37f08cb072b7761e4a71e22cff29b33
  sanitize (7.0.0) sha256=269d1b9d7326e69307723af5643ec032ff86ad616e72a3b36d301ac75a273984
  securerandom (0.4.1) sha256=cc5193d414a4341b6e225f0cb4446aceca8e50d5e1888743fac16987638ea0b1
  sentry-ruby (6.5.0) sha256=3c57ae0d6a017aafcd9ac37114e38149a58534679dec5d4e9e8fc010b85f3a6b
  simplecov (0.22.0) sha256=fe2622c7834ff23b98066bb0a854284b2729a569ac659f82621fc22ef36213a5
  simplecov-html (0.13.2) sha256=bd0b8e54e7c2d7685927e8d6286466359b6f16b18cb0df47b508e8d73c777246
  simplecov_json_formatter (0.1.4) sha256=529418fbe8de1713ac2b2d612aa3daa56d316975d307244399fa4838c601b428
  ssrf_filter (1.4.0) sha256=64634f7955836808244d9ce65800af682803000b8eb15a5d573df25ab3c5422b
  stackprof (0.2.28) sha256=4ec2ace02f386012b40ca20ef80c030ad711831f59511da12e83b34efb0f9a04
  stringio (3.2.0) sha256=c37cb2e58b4ffbd33fe5cd948c05934af997b36e0b6ca6fdf43afa234cf222e1
  thor (1.5.0) sha256=e3a9e55fe857e44859ce104a84675ab6e8cd59c650a49106a05f55f136425e73
  traces (0.18.2) sha256=80f1649cb4daace1d7174b81f3b3b7427af0b93047759ba349960cb8f315e214
  tsort (0.2.0) sha256=9650a793f6859a43b6641671278f79cfead60ac714148aabe4e3f0060480089f
  tzinfo (2.0.6) sha256=8daf828cc77bcf7d63b0e3bdb6caa47e2272dcfaf4fbfe46f8c3a9df087a829b
  unicode-display_width (3.2.0) sha256=0cdd96b5681a5949cdbc2c55e7b420facae74c4aaf9a9815eee1087cb1853c42
  unicode-emoji (4.2.0) sha256=519e69150f75652e40bf736106cfbc8f0f73aa3fb6a65afe62fefa7f80b0f80f
  uri (1.1.1) sha256=379fa58d27ffb1387eaada68c749d1426738bd0f654d812fcc07e7568f5c57c6
  useragent (0.16.11) sha256=700e6413ad4bb954bb63547fa098dddf7b0ebe75b40cc6f93b8d54255b173844
  vcr (6.4.0) sha256=077ac92cc16efc5904eb90492a18153b5e6ca5398046d8a249a7c96a9ea24ae6
  webmock (3.26.2) sha256=774556f2ea6371846cca68c01769b2eac0d134492d21f6d0ab5dd643965a4c90
  yard (0.9.38) sha256=721fb82afb10532aa49860655f6cc2eaa7130889df291b052e1e6b268283010f
  zeitwerk (2.7.5) sha256=d8da92128c09ea6ec62c949011b00ed4a20242b255293dd66bf41545398f73dd
  zlib (3.2.3) sha256=5bd316698b32f31a64ab910a8b6c282442ca1626a81bbd6a1674e8522e319c20

BUNDLED WITH
  4.0.9
